// !$*UTF8*$!
{
	archiveVersion = 1;
	classes = {
	};
	objectVersion = 51;
	objects = {

/* Begin PBXBuildFile section */
		A015794326781F8A00B62A6B /* VerSnapViewController.swift in Sources */ = {isa = PBXBuildFile; fileRef = A015794226781F8A00B62A6B /* VerSnapViewController.swift */; };
		A019401A2665689F00605F4F /* AppDelegate.swift in Sources */ = {isa = PBXBuildFile; fileRef = A01940192665689F00605F4F /* AppDelegate.swift */; };
		A019401C2665689F00605F4F /* SceneDelegate.swift in Sources */ = {isa = PBXBuildFile; fileRef = A019401B2665689F00605F4F /* SceneDelegate.swift */; };
		A01940212665689F00605F4F /* Main.storyboard in Resources */ = {isa = PBXBuildFile; fileRef = A019401F2665689F00605F4F /* Main.storyboard */; };
		A0194023266568A100605F4F /* Assets.xcassets in Resources */ = {isa = PBXBuildFile; fileRef = A0194022266568A100605F4F /* Assets.xcassets */; };
		A0194026266568A100605F4F /* LaunchScreen.storyboard in Resources */ = {isa = PBXBuildFile; fileRef = A0194024266568A100605F4F /* LaunchScreen.storyboard */; };
		A030BB422666A42200988054 /* GoogleService-Info.plist in Resources */ = {isa = PBXBuildFile; fileRef = A030BB412666A42200988054 /* GoogleService-Info.plist */; };
		A09C386C266FF1750046A9E1 /* SnapsViewController.swift in Sources */ = {isa = PBXBuildFile; fileRef = A09C386B266FF1750046A9E1 /* SnapsViewController.swift */; };
		A09C386E266FF8230046A9E1 /* ImagenViewController.swift in Sources */ = {isa = PBXBuildFile; fileRef = A09C386D266FF8230046A9E1 /* ImagenViewController.swift */; };
		A09C387026703D9C0046A9E1 /* ElegirUsuarioViewController.swift in Sources */ = {isa = PBXBuildFile; fileRef = A09C386F26703D9C0046A9E1 /* ElegirUsuarioViewController.swift */; };
		A09C3875267048950046A9E1 /* Usuario.swift in Sources */ = {isa = PBXBuildFile; fileRef = A09C3874267048950046A9E1 /* Usuario.swift */; };
		A0E482D5266810B100B54FD0 /* IniciarSesionViewController.swift in Sources */ = {isa = PBXBuildFile; fileRef = A0E482D4266810B100B54FD0 /* IniciarSesionViewController.swift */; };
		A0ED56342670665300215425 /* RegistrarViewController.swift in Sources */ = {isa = PBXBuildFile; fileRef = A0ED56332670665300215425 /* RegistrarViewController.swift */; };
		A0F83C0F2677CFC1004B27CD /* Snap.swift in Sources */ = {isa = PBXBuildFile; fileRef = A0F83C0E2677CFC1004B27CD /* Snap.swift */; };
		B242869FD2440A36F7AA8287 /* Pods_Snapchat.framework in Frameworks */ = {isa = PBXBuildFile; fileRef = 59122131FA37DFDA8ECD2257 /* Pods_Snapchat.framework */; };
/* End PBXBuildFile section */

/* Begin PBXFileReference section */
		4A3A042C274D8FD12A4BEBAD /* Pods-Snapchat.debug.xcconfig */ = {isa = PBXFileReference; includeInIndex = 1; lastKnownFileType = text.xcconfig; name = "Pods-Snapchat.debug.xcconfig"; path = "Target Support Files/Pods-Snapchat/Pods-Snapchat.debug.xcconfig"; sourceTree = "<group>"; };
		59122131FA37DFDA8ECD2257 /* Pods_Snapchat.framework */ = {isa = PBXFileReference; explicitFileType = wrapper.framework; includeInIndex = 0; path = Pods_Snapchat.framework; sourceTree = BUILT_PRODUCTS_DIR; };
		A015794226781F8A00B62A6B /* VerSnapViewController.swift */ = {isa = PBXFileReference; lastKnownFileType = sourcecode.swift; path = VerSnapViewController.swift; sourceTree = "<group>"; };
		A01940162665689F00605F4F /* Snapchat.app */ = {isa = PBXFileReference; explicitFileType = wrapper.application; includeInIndex = 0; path = Snapchat.app; sourceTree = BUILT_PRODUCTS_DIR; };
		A01940192665689F00605F4F /* AppDelegate.swift */ = {isa = PBXFileReference; lastKnownFileType = sourcecode.swift; path = AppDelegate.swift; sourceTree = "<group>"; };
		A019401B2665689F00605F4F /* SceneDelegate.swift */ = {isa = PBXFileReference; lastKnownFileType = sourcecode.swift; path = SceneDelegate.swift; sourceTree = "<group>"; };
		A01940202665689F00605F4F /* Base */ = {isa = PBXFileReference; lastKnownFileType = file.storyboard; name = Base; path = Base.lproj/Main.storyboard; sourceTree = "<group>"; };
		A0194022266568A100605F4F /* Assets.xcassets */ = {isa = PBXFileReference; lastKnownFileType = folder.assetcatalog; path = Assets.xcassets; sourceTree = "<group>"; };
		A0194025266568A100605F4F /* Base */ = {isa = PBXFileReference; lastKnownFileType = file.storyboard; name = Base; path = Base.lproj/LaunchScreen.storyboard; sourceTree = "<group>"; };
		A0194027266568A100605F4F /* Info.plist */ = {isa = PBXFileReference; lastKnownFileType = text.plist.xml; path = Info.plist; sourceTree = "<group>"; };
		A030BB412666A42200988054 /* GoogleService-Info.plist */ = {isa = PBXFileReference; fileEncoding = 4; lastKnownFileType = text.plist.xml; path = "GoogleService-Info.plist"; sourceTree = "<group>"; };
		A09C386A266FEC8E0046A9E1 /* Snapchat.entitlements */ = {isa = PBXFileReference; lastKnownFileType = text.plist.entitlements; path = Snapchat.entitlements; sourceTree = "<group>"; };
		A09C386B266FF1750046A9E1 /* SnapsViewController.swift */ = {isa = PBXFileReference; lastKnownFileType = sourcecode.swift; path = SnapsViewController.swift; sourceTree = "<group>"; };
		A09C386D266FF8230046A9E1 /* ImagenViewController.swift */ = {isa = PBXFileReference; lastKnownFileType = sourcecode.swift; path = ImagenViewController.swift; sourceTree = "<group>"; };
		A09C386F26703D9C0046A9E1 /* ElegirUsuarioViewController.swift */ = {isa = PBXFileReference; lastKnownFileType = sourcecode.swift; path = ElegirUsuarioViewController.swift; sourceTree = "<group>"; };
		A09C3874267048950046A9E1 /* Usuario.swift */ = {isa = PBXFileReference; lastKnownFileType = sourcecode.swift; path = Usuario.swift; sourceTree = "<group>"; };
		A0E482D4266810B100B54FD0 /* IniciarSesionViewController.swift */ = {isa = PBXFileReference; lastKnownFileType = sourcecode.swift; path = IniciarSesionViewController.swift; sourceTree = "<group>"; };
		A0ED56332670665300215425 /* RegistrarViewController.swift */ = {isa = PBXFileReference; lastKnownFileType = sourcecode.swift; path = RegistrarViewController.swift; sourceTree = "<group>"; };
		A0F83C0E2677CFC1004B27CD /* Snap.swift */ = {isa = PBXFileReference; lastKnownFileType = sourcecode.swift; path = Snap.swift; sourceTree = "<group>"; };
		D8E08579E50712B8544B02BC /* Pods-Snapchat.release.xcconfig */ = {isa = PBXFileReference; includeInIndex = 1; lastKnownFileType = text.xcconfig; name = "Pods-Snapchat.release.xcconfig"; path = "Target Support Files/Pods-Snapchat/Pods-Snapchat.release.xcconfig"; sourceTree = "<group>"; };
/* End PBXFileReference section */

/* Begin PBXFrameworksBuildPhase section */
		A01940132665689F00605F4F /* Frameworks */ = {
			isa = PBXFrameworksBuildPhase;
			buildActionMask = 2147483647;
			files = (
				B242869FD2440A36F7AA8287 /* Pods_Snapchat.framework in Frameworks */,
			);
			runOnlyForDeploymentPostprocessing = 0;
		};
/* End PBXFrameworksBuildPhase section */

/* Begin PBXGroup section */
		30EC0F094A691B25AF81D994 /* Frameworks */ = {
			isa = PBXGroup;
			children = (
				59122131FA37DFDA8ECD2257 /* Pods_Snapchat.framework */,
			);
			name = Frameworks;
			sourceTree = "<group>";
		};
		73DEE842D37D58159944E234 /* Pods */ = {
			isa = PBXGroup;
			children = (
				4A3A042C274D8FD12A4BEBAD /* Pods-Snapchat.debug.xcconfig */,
				D8E08579E50712B8544B02BC /* Pods-Snapchat.release.xcconfig */,
			);
			path = Pods;
			sourceTree = "<group>";
		};
		A019400D2665689F00605F4F = {
			isa = PBXGroup;
			children = (
				A01940182665689F00605F4F /* Snapchat */,
				A01940172665689F00605F4F /* Products */,
				73DEE842D37D58159944E234 /* Pods */,
				30EC0F094A691B25AF81D994 /* Frameworks */,
			);
			sourceTree = "<group>";
		};
		A01940172665689F00605F4F /* Products */ = {
			isa = PBXGroup;
			children = (
				A01940162665689F00605F4F /* Snapchat.app */,
			);
			name = Products;
			sourceTree = "<group>";
		};
		A01940182665689F00605F4F /* Snapchat */ = {
			isa = PBXGroup;
			children = (
				A09C38732670486F0046A9E1 /* Modelos */,
				A09C3871267048170046A9E1 /* ViewControllers */,
				A09C386A266FEC8E0046A9E1 /* Snapchat.entitlements */,
				A01940192665689F00605F4F /* AppDelegate.swift */,
				A019401B2665689F00605F4F /* SceneDelegate.swift */,
				A019401F2665689F00605F4F /* Main.storyboard */,
				A0194022266568A100605F4F /* Assets.xcassets */,
				A0194024266568A100605F4F /* LaunchScreen.storyboard */,
				A0194027266568A100605F4F /* Info.plist */,
				A030BB412666A42200988054 /* GoogleService-Info.plist */,
			);
			path = Snapchat;
			sourceTree = "<group>";
		};
		A09C3871267048170046A9E1 /* ViewControllers */ = {
			isa = PBXGroup;
			children = (
				A0E482D4266810B100B54FD0 /* IniciarSesionViewController.swift */,
				A09C386B266FF1750046A9E1 /* SnapsViewController.swift */,
				A09C386D266FF8230046A9E1 /* ImagenViewController.swift */,
				A09C386F26703D9C0046A9E1 /* ElegirUsuarioViewController.swift */,
				A0ED56332670665300215425 /* RegistrarViewController.swift */,
				A015794226781F8A00B62A6B /* VerSnapViewController.swift */,
			);
			path = ViewControllers;
			sourceTree = "<group>";
		};
		A09C38732670486F0046A9E1 /* Modelos */ = {
			isa = PBXGroup;
			children = (
				A09C3874267048950046A9E1 /* Usuario.swift */,
				A0F83C0E2677CFC1004B27CD /* Snap.swift */,
			);
			path = Modelos;
			sourceTree = "<group>";
		};
/* End PBXGroup section */

/* Begin PBXNativeTarget section */
		A01940152665689F00605F4F /* Snapchat */ = {
			isa = PBXNativeTarget;
			buildConfigurationList = A019402A266568A100605F4F /* Build configuration list for PBXNativeTarget "Snapchat" */;
			buildPhases = (
				A3F466F1B90775FFF880DBBC /* [CP] Check Pods Manifest.lock */,
				A01940122665689F00605F4F /* Sources */,
				A01940132665689F00605F4F /* Frameworks */,
				A01940142665689F00605F4F /* Resources */,
				028E2E104ED18220F723CCC8 /* [CP] Embed Pods Frameworks */,
				6421096039E2422AE0511EFD /* [CP] Copy Pods Resources */,
			);
			buildRules = (
			);
			dependencies = (
			);
			name = Snapchat;
			productName = Snapchat;
			productReference = A01940162665689F00605F4F /* Snapchat.app */;
			productType = "com.apple.product-type.application";
		};
/* End PBXNativeTarget section */

/* Begin PBXProject section */
		A019400E2665689F00605F4F /* Project object */ = {
			isa = PBXProject;
			attributes = {
				LastSwiftUpdateCheck = 1130;
				LastUpgradeCheck = 1130;
				ORGANIZATIONNAME = "Eduardo Justo Rodriguez Herrera";
				TargetAttributes = {
					A01940152665689F00605F4F = {
						CreatedOnToolsVersion = 11.3.1;
					};
				};
			};
			buildConfigurationList = A01940112665689F00605F4F /* Build configuration list for PBXProject "Snapchat" */;
			compatibilityVersion = "Xcode 9.3";
			developmentRegion = en;
			hasScannedForEncodings = 0;
			knownRegions = (
				en,
				Base,
			);
			mainGroup = A019400D2665689F00605F4F;
			productRefGroup = A01940172665689F00605F4F /* Products */;
			projectDirPath = "";
			projectRoot = "";
			targets = (
				A01940152665689F00605F4F /* Snapchat */,
			);
		};
/* End PBXProject section */

/* Begin PBXResourcesBuildPhase section */
		A01940142665689F00605F4F /* Resources */ = {
			isa = PBXResourcesBuildPhase;
			buildActionMask = 2147483647;
			files = (
				A0194026266568A100605F4F /* LaunchScreen.storyboard in Resources */,
				A030BB422666A42200988054 /* GoogleService-Info.plist in Resources */,
				A0194023266568A100605F4F /* Assets.xcassets in Resources */,
				A01940212665689F00605F4F /* Main.storyboard in Resources */,
			);
			runOnlyForDeploymentPostprocessing = 0;
		};
/* End PBXResourcesBuildPhase section */

/* Begin PBXShellScriptBuildPhase section */
		028E2E104ED18220F723CCC8 /* [CP] Embed Pods Frameworks */ = {
			isa = PBXShellScriptBuildPhase;
			buildActionMask = 2147483647;
			files = (
			);
			inputFileListPaths = (
				"${PODS_ROOT}/Target Support Files/Pods-Snapchat/Pods-Snapchat-frameworks-${CONFIGURATION}-input-files.xcfilelist",
			);
			name = "[CP] Embed Pods Frameworks";
			outputFileListPaths = (
				"${PODS_ROOT}/Target Support Files/Pods-Snapchat/Pods-Snapchat-frameworks-${CONFIGURATION}-output-files.xcfilelist",
			);
			runOnlyForDeploymentPostprocessing = 0;
			shellPath = /bin/sh;
			shellScript = "\"${PODS_ROOT}/Target Support Files/Pods-Snapchat/Pods-Snapchat-frameworks.sh\"\n";
			showEnvVarsInLog = 0;
		};
		6421096039E2422AE0511EFD /* [CP] Copy Pods Resources */ = {
			isa = PBXShellScriptBuildPhase;
			buildActionMask = 2147483647;
			files = (
			);
			inputFileListPaths = (
				"${PODS_ROOT}/Target Support Files/Pods-Snapchat/Pods-Snapchat-resources-${CONFIGURATION}-input-files.xcfilelist",
			);
			name = "[CP] Copy Pods Resources";
			outputFileListPaths = (
				"${PODS_ROOT}/Target Support Files/Pods-Snapchat/Pods-Snapchat-resources-${CONFIGURATION}-output-files.xcfilelist",
			);
			runOnlyForDeploymentPostprocessing = 0;
			shellPath = /bin/sh;
			shellScript = "\"${PODS_ROOT}/Target Support Files/Pods-Snapchat/Pods-Snapchat-resources.sh\"\n";
			showEnvVarsInLog = 0;
		};
		A3F466F1B90775FFF880DBBC /* [CP] Check Pods Manifest.lock */ = {
			isa = PBXShellScriptBuildPhase;
			buildActionMask = 2147483647;
			files = (
			);
			inputFileListPaths = (
			);
			inputPaths = (
				"${PODS_PODFILE_DIR_PATH}/Podfile.lock",
				"${PODS_ROOT}/Manifest.lock",
			);
			name = "[CP] Check Pods Manifest.lock";
			outputFileListPaths = (
			);
			outputPaths = (
				"$(DERIVED_FILE_DIR)/Pods-Snapchat-checkManifestLockResult.txt",
			);
			runOnlyForDeploymentPostprocessing = 0;
			shellPath = /bin/sh;
			shellScript = "diff \"${PODS_PODFILE_DIR_PATH}/Podfile.lock\" \"${PODS_ROOT}/Manifest.lock\" > /dev/null\nif [ $? != 0 ] ; then\n    # print error to STDERR\n    echo \"error: The sandbox is not in sync with the Podfile.lock. Run 'pod install' or update your CocoaPods installation.\" >&2\n    exit 1\nfi\n# This output is used by Xcode 'outputs' to avoid re-running this script phase.\necho \"SUCCESS\" > \"${SCRIPT_OUTPUT_FILE_0}\"\n";
			showEnvVarsInLog = 0;
		};
/* End PBXShellScriptBuildPhase section */

/* Begin PBXSourcesBuildPhase section */
		A01940122665689F00605F4F /* Sources */ = {
			isa = PBXSourcesBuildPhase;
			buildActionMask = 2147483647;
			files = (
				A09C386C266FF1750046A9E1 /* SnapsViewController.swift in Sources */,
				A09C386E266FF8230046A9E1 /* ImagenViewController.swift in Sources */,
				A0F83C0F2677CFC1004B27CD /* Snap.swift in Sources */,
				A0ED56342670665300215425 /* RegistrarViewController.swift in Sources */,
				A015794326781F8A00B62A6B /* VerSnapViewController.swift in Sources */,
				A09C3875267048950046A9E1 /* Usuario.swift in Sources */,
				A0E482D5266810B100B54FD0 /* IniciarSesionViewController.swift in Sources */,
				A019401A2665689F00605F4F /* AppDelegate.swift in Sources */,
				A019401C2665689F00605F4F /* SceneDelegate.swift in Sources */,
				A09C387026703D9C0046A9E1 /* ElegirUsuarioViewController.swift in Sources */,
			);
			runOnlyForDeploymentPostprocessing = 0;
		};
/* End PBXSourcesBuildPhase section */

/* Begin PBXVariantGroup section */
		A019401F2665689F00605F4F /* Main.storyboard */ = {
			isa = PBXVariantGroup;
			children = (
				A01940202665689F00605F4F /* Base */,
			);
			name = Main.storyboard;
			sourceTree = "<group>";
		};
		A0194024266568A100605F4F /* LaunchScreen.storyboard */ = {
			isa = PBXVariantGroup;
			children = (
				A0194025266568A100605F4F /* Base */,
			);
			name = LaunchScreen.storyboard;
			sourceTree = "<group>";
		};
/* End PBXVariantGroup section */

/* Begin XCBuildConfiguration section */
		A0194028266568A100605F4F /* Debug */ = {
			isa = XCBuildConfiguration;
			buildSettings = {
				ALWAYS_SEARCH_USER_PATHS = NO;
				CLANG_ANALYZER_NONNULL = YES;
				CLANG_ANALYZER_NUMBER_OBJECT_CONVERSION = YES_AGGRESSIVE;
				CLANG_CXX_LANGUAGE_STANDARD = "gnu++14";
				CLANG_CXX_LIBRARY = "libc++";
				CLANG_ENABLE_MODULES = YES;
				CLANG_ENABLE_OBJC_ARC = YES;
				CLANG_ENABLE_OBJC_WEAK = YES;
				CLANG_WARN_BLOCK_CAPTURE_AUTORELEASING = YES;
				CLANG_WARN_BOOL_CONVERSION = YES;
				CLANG_WARN_COMMA = YES;
				CLANG_WARN_CONSTANT_CONVERSION = YES;
				CLANG_WARN_DEPRECATED_OBJC_IMPLEMENTATIONS = YES;
				CLANG_WARN_DIRECT_OBJC_ISA_USAGE = YES_ERROR;
				CLANG_WARN_DOCUMENTATION_COMMENTS = YES;
				CLANG_WARN_EMPTY_BODY = YES;
				CLANG_WARN_ENUM_CONVERSION = YES;
				CLANG_WARN_INFINITE_RECURSION = YES;
				CLANG_WARN_INT_CONVERSION = YES;
				CLANG_WARN_NON_LITERAL_NULL_CONVERSION = YES;
				CLANG_WARN_OBJC_IMPLICIT_RETAIN_SELF = YES;
				CLANG_WARN_OBJC_LITERAL_CONVERSION = YES;
				CLANG_WARN_OBJC_ROOT_CLASS = YES_ERROR;
				CLANG_WARN_RANGE_LOOP_ANALYSIS = YES;
				CLANG_WARN_STRICT_PROTOTYPES = YES;
				CLANG_WARN_SUSPICIOUS_MOVE = YES;
				CLANG_WARN_UNGUARDED_AVAILABILITY = YES_AGGRESSIVE;
				CLANG_WARN_UNREACHABLE_CODE = YES;
				CLANG_WARN__DUPLICATE_METHOD_MATCH = YES;
				COPY_PHASE_STRIP = NO;
				DEBUG_INFORMATION_FORMAT = dwarf;
				ENABLE_STRICT_OBJC_MSGSEND = YES;
				ENABLE_TESTABILITY = YES;
				GCC_C_LANGUAGE_STANDARD = gnu11;
				GCC_DYNAMIC_NO_PIC = NO;
				GCC_NO_COMMON_BLOCKS = YES;
				GCC_OPTIMIZATION_LEVEL = 0;
				GCC_PREPROCESSOR_DEFINITIONS = (
					"DEBUG=1",
					"$(inherited)",
				);
				GCC_WARN_64_TO_32_BIT_CONVERSION = YES;
				GCC_WARN_ABOUT_RETURN_TYPE = YES_ERROR;
				GCC_WARN_UNDECLARED_SELECTOR = YES;
				GCC_WARN_UNINITIALIZED_AUTOS = YES_AGGRESSIVE;
				GCC_WARN_UNUSED_FUNCTION = YES;
				GCC_WARN_UNUSED_VARIABLE = YES;
				IPHONEOS_DEPLOYMENT_TARGET = 13.2;
				MTL_ENABLE_DEBUG_INFO = INCLUDE_SOURCE;
				MTL_FAST_MATH = YES;
				ONLY_ACTIVE_ARCH = YES;
				SDKROOT = iphoneos;
				SWIFT_ACTIVE_COMPILATION_CONDITIONS = DEBUG;
				SWIFT_OPTIMIZATION_LEVEL = "-Onone";
			};
			name = Debug;
		};
		A0194029266568A100605F4F /* Release */ = {
			isa = XCBuildConfiguration;
			buildSettings = {
				ALWAYS_SEARCH_USER_PATHS = NO;
				CLANG_ANALYZER_NONNULL = YES;
				CLANG_ANALYZER_NUMBER_OBJECT_CONVERSION = YES_AGGRESSIVE;
				CLANG_CXX_LANGUAGE_STANDARD = "gnu++14";
				CLANG_CXX_LIBRARY = "libc++";
				CLANG_ENABLE_MODULES = YES;
				CLANG_ENABLE_OBJC_ARC = YES;
				CLANG_ENABLE_OBJC_WEAK = YES;
				CLANG_WARN_BLOCK_CAPTURE_AUTORELEASING = YES;
				CLANG_WARN_BOOL_CONVERSION = YES;
				CLANG_WARN_COMMA = YES;
				CLANG_WARN_CONSTANT_CONVERSION = YES;
				CLANG_WARN_DEPRECATED_OBJC_IMPLEMENTATIONS = YES;
				CLANG_WARN_DIRECT_OBJC_ISA_USAGE = YES_ERROR;
				CLANG_WARN_DOCUMENTATION_COMMENTS = YES;
				CLANG_WARN_EMPTY_BODY = YES;
				CLANG_WARN_ENUM_CONVERSION = YES;
				CLANG_WARN_INFINITE_RECURSION = YES;
				CLANG_WARN_INT_CONVERSION = YES;
				CLANG_WARN_NON_LITERAL_NULL_CONVERSION = YES;
				CLANG_WARN_OBJC_IMPLICIT_RETAIN_SELF = YES;
				CLANG_WARN_OBJC_LITERAL_CONVERSION = YES;
				CLANG_WARN_OBJC_ROOT_CLASS = YES_ERROR;
				CLANG_WARN_RANGE_LOOP_ANALYSIS = YES;
				CLANG_WARN_STRICT_PROTOTYPES = YES;
				CLANG_WARN_SUSPICIOUS_MOVE = YES;
				CLANG_WARN_UNGUARDED_AVAILABILITY = YES_AGGRESSIVE;
				CLANG_WARN_UNREACHABLE_CODE = YES;
				CLANG_WARN__DUPLICATE_METHOD_MATCH = YES;
				COPY_PHASE_STRIP = NO;
				DEBUG_INFORMATION_FORMAT = "dwarf-with-dsym";
				ENABLE_NS_ASSERTIONS = NO;
				ENABLE_STRICT_OBJC_MSGSEND = YES;
				GCC_C_LANGUAGE_STANDARD = gnu11;
				GCC_NO_COMMON_BLOCKS = YES;
				GCC_WARN_64_TO_32_BIT_CONVERSION = YES;
				GCC_WARN_ABOUT_RETURN_TYPE = YES_ERROR;
				GCC_WARN_UNDECLARED_SELECTOR = YES;
				GCC_WARN_UNINITIALIZED_AUTOS = YES_AGGRESSIVE;
				GCC_WARN_UNUSED_FUNCTION = YES;
				GCC_WARN_UNUSED_VARIABLE = YES;
				IPHONEOS_DEPLOYMENT_TARGET = 13.2;
				MTL_ENABLE_DEBUG_INFO = NO;
				MTL_FAST_MATH = YES;
				SDKROOT = iphoneos;
				SWIFT_COMPILATION_MODE = wholemodule;
				SWIFT_OPTIMIZATION_LEVEL = "-O";
				VALIDATE_PRODUCT = YES;
			};
			name = Release;
		};
		A019402B266568A100605F4F /* Debug */ = {
			isa = XCBuildConfiguration;
			baseConfigurationReference = 4A3A042C274D8FD12A4BEBAD /* Pods-Snapchat.debug.xcconfig */;
			buildSettings = {
				ASSETCATALOG_COMPILER_APPICON_NAME = AppIcon;
				CODE_SIGN_ENTITLEMENTS = Snapchat/Snapchat.entitlements;
				CODE_SIGN_STYLE = Automatic;
				INFOPLIST_FILE = Snapchat/Info.plist;
				LD_RUNPATH_SEARCH_PATHS = (
					"$(inherited)",
					"@executable_path/Frameworks",
				);
				PRODUCT_BUNDLE_IDENTIFIER = com.EduardoRodriguez.Snapchat;
				PRODUCT_NAME = "$(TARGET_NAME)";
				SWIFT_VERSION = 5.0;
				TARGETED_DEVICE_FAMILY = "1,2";
			};
			name = Debug;
		};
		A019402C266568A100605F4F /* Release */ = {
			isa = XCBuildConfiguration;
			baseConfigurationReference = D8E08579E50712B8544B02BC /* Pods-Snapchat.release.xcconfig */;
			buildSettings = {
				ASSETCATALOG_COMPILER_APPICON_NAME = AppIcon;
				CODE_SIGN_ENTITLEMENTS = Snapchat/Snapchat.entitlements;
				CODE_SIGN_STYLE = Automatic;
				INFOPLIST_FILE = Snapchat/Info.plist;
				LD_RUNPATH_SEARCH_PATHS = (
					"$(inherited)",
					"@executable_path/Frameworks",
				);
				PRODUCT_BUNDLE_IDENTIFIER = com.EduardoRodriguez.Snapchat;
				PRODUCT_NAME = "$(TARGET_NAME)";
				SWIFT_VERSION = 5.0;
				TARGETED_DEVICE_FAMILY = "1,2";
			};
			name = Release;
		};
/* End XCBuildConfiguration section */

/* Begin XCConfigurationList section */
		A01940112665689F00605F4F /* Build configuration list for PBXProject "Snapchat" */ = {
			isa = XCConfigurationList;
			buildConfigurations = (
				A0194028266568A100605F4F /* Debug */,
				A0194029266568A100605F4F /* Release */,
			);
			defaultConfigurationIsVisible = 0;
			defaultConfigurationName = Release;
		};
		A019402A266568A100605F4F /* Build configuration list for PBXNativeTarget "Snapchat" */ = {
			isa = XCConfigurationList;
			buildConfigurations = (
				A019402B266568A100605F4F /* Debug */,
				A019402C266568A100605F4F /* Release */,
			);
			defaultConfigurationIsVisible = 0;
			defaultConfigurationName = Release;
		};
/* End XCConfigurationList section */
	};
	rootObject = A019400E2665689F00605F4F /* Project object */;
}
